
Microsoft Visual Studio Solution File, Format Version 12.00
# Visual Studio 15
VisualStudioVersion = 15.0.27130.0
MinimumVisualStudioVersion = 15.0.26124.0
Project("{9A19103F-16F7-4668-BE54-9A1E7A4F7556}") = "ControlCatalog", "ControlCatalog\ControlCatalog.csproj", "{AD3597AC-6D56-4C01-B7B0-2D30B0799A5E}"
EndProject
Project("{9A19103F-16F7-4668-BE54-9A1E7A4F7556}") = "ControlCatalog.NetCore", "ControlCatalog.NetCore\ControlCatalog.NetCore.csproj", "{031D3660-77D8-4B4B-8E05-F57323CAEF83}"
EndProject
Project("{9A19103F-16F7-4668-BE54-9A1E7A4F7556}") = "ControlCatalog.NetFX", "ControlCatalog.NetFX\ControlCatalog.NetFX.csproj", "{FC1F427A-FBDB-4A13-A1C3-5E29BA60E630}"
EndProject
Project("{FAE04EC0-301F-11D3-BF4B-00C04F79EFBC}") = "MiniMvvm", "MiniMvvm\MiniMvvm.csproj", "{5FCE9DF6-1B0C-40F3-BA40-FD1BF9E3F39D}"
EndProject
Global
	GlobalSection(SolutionConfigurationPlatforms) = preSolution
		Debug|Any CPU = Debug|Any CPU
		Debug|x64 = Debug|x64
		Debug|x86 = Debug|x86
		Release|Any CPU = Release|Any CPU
		Release|x64 = Release|x64
		Release|x86 = Release|x86
	EndGlobalSection
	GlobalSection(ProjectConfigurationPlatforms) = postSolution
		{AD3597AC-6D56-4C01-B7B0-2D30B0799A5E}.Debug|Any CPU.ActiveCfg = Debug|Any CPU
		{AD3597AC-6D56-4C01-B7B0-2D30B0799A5E}.Debug|Any CPU.Build.0 = Debug|Any CPU
		{AD3597AC-6D56-4C01-B7B0-2D30B0799A5E}.Debug|x64.ActiveCfg = Debug|Any CPU
		{AD3597AC-6D56-4C01-B7B0-2D30B0799A5E}.Debug|x64.Build.0 = Debug|Any CPU
		{AD3597AC-6D56-4C01-B7B0-2D30B0799A5E}.Debug|x86.ActiveCfg = Debug|Any CPU
		{AD3597AC-6D56-4C01-B7B0-2D30B0799A5E}.Debug|x86.Build.0 = Debug|Any CPU
		{AD3597AC-6D56-4C01-B7B0-2D30B0799A5E}.Release|Any CPU.ActiveCfg = Release|Any CPU
		{AD3597AC-6D56-4C01-B7B0-2D30B0799A5E}.Release|Any CPU.Build.0 = Release|Any CPU
		{AD3597AC-6D56-4C01-B7B0-2D30B0799A5E}.Release|x64.ActiveCfg = Release|Any CPU
		{AD3597AC-6D56-4C01-B7B0-2D30B0799A5E}.Release|x64.Build.0 = Release|Any CPU
		{AD3597AC-6D56-4C01-B7B0-2D30B0799A5E}.Release|x86.ActiveCfg = Release|Any CPU
		{AD3597AC-6D56-4C01-B7B0-2D30B0799A5E}.Release|x86.Build.0 = Release|Any CPU
		{031D3660-77D8-4B4B-8E05-F57323CAEF83}.Debug|Any CPU.ActiveCfg = Debug|Any CPU
		{031D3660-77D8-4B4B-8E05-F57323CAEF83}.Debug|Any CPU.Build.0 = Debug|Any CPU
		{031D3660-77D8-4B4B-8E05-F57323CAEF83}.Debug|x64.ActiveCfg = Debug|Any CPU
		{031D3660-77D8-4B4B-8E05-F57323CAEF83}.Debug|x64.Build.0 = Debug|Any CPU
		{031D3660-77D8-4B4B-8E05-F57323CAEF83}.Debug|x86.ActiveCfg = Debug|Any CPU
		{031D3660-77D8-4B4B-8E05-F57323CAEF83}.Debug|x86.Build.0 = Debug|Any CPU
		{031D3660-77D8-4B4B-8E05-F57323CAEF83}.Release|Any CPU.ActiveCfg = Release|Any CPU
		{031D3660-77D8-4B4B-8E05-F57323CAEF83}.Release|Any CPU.Build.0 = Release|Any CPU
		{031D3660-77D8-4B4B-8E05-F57323CAEF83}.Release|x64.ActiveCfg = Release|Any CPU
		{031D3660-77D8-4B4B-8E05-F57323CAEF83}.Release|x64.Build.0 = Release|Any CPU
		{031D3660-77D8-4B4B-8E05-F57323CAEF83}.Release|x86.ActiveCfg = Release|Any CPU
		{031D3660-77D8-4B4B-8E05-F57323CAEF83}.Release|x86.Build.0 = Release|Any CPU
		{FC1F427A-FBDB-4A13-A1C3-5E29BA60E630}.Debug|Any CPU.ActiveCfg = Debug|Any CPU
		{FC1F427A-FBDB-4A13-A1C3-5E29BA60E630}.Debug|Any CPU.Build.0 = Debug|Any CPU
		{FC1F427A-FBDB-4A13-A1C3-5E29BA60E630}.Debug|x64.ActiveCfg = Debug|Any CPU
		{FC1F427A-FBDB-4A13-A1C3-5E29BA60E630}.Debug|x64.Build.0 = Debug|Any CPU
		{FC1F427A-FBDB-4A13-A1C3-5E29BA60E630}.Debug|x86.ActiveCfg = Debug|Any CPU
		{FC1F427A-FBDB-4A13-A1C3-5E29BA60E630}.Debug|x86.Build.0 = Debug|Any CPU
		{FC1F427A-FBDB-4A13-A1C3-5E29BA60E630}.Release|Any CPU.ActiveCfg = Release|Any CPU
		{FC1F427A-FBDB-4A13-A1C3-5E29BA60E630}.Release|Any CPU.Build.0 = Release|Any CPU
		{FC1F427A-FBDB-4A13-A1C3-5E29BA60E630}.Release|x64.ActiveCfg = Release|Any CPU
		{FC1F427A-FBDB-4A13-A1C3-5E29BA60E630}.Release|x64.Build.0 = Release|Any CPU
		{FC1F427A-FBDB-4A13-A1C3-5E29BA60E630}.Release|x86.ActiveCfg = Release|Any CPU
		{FC1F427A-FBDB-4A13-A1C3-5E29BA60E630}.Release|x86.Build.0 = Release|Any CPU
		{5FCE9DF6-1B0C-40F3-BA40-FD1BF9E3F39D}.Debug|Any CPU.ActiveCfg = Debug|Any CPU
		{5FCE9DF6-1B0C-40F3-BA40-FD1BF9E3F39D}.Debug|Any CPU.Build.0 = Debug|Any CPU
		{5FCE9DF6-1B0C-40F3-BA40-FD1BF9E3F39D}.Debug|x64.ActiveCfg = Debug|Any CPU
		{5FCE9DF6-1B0C-40F3-BA40-FD1BF9E3F39D}.Debug|x64.Build.0 = Debug|Any CPU
		{5FCE9DF6-1B0C-40F3-BA40-FD1BF9E3F39D}.Debug|x86.ActiveCfg = Debug|Any CPU
		{5FCE9DF6-1B0C-40F3-BA40-FD1BF9E3F39D}.Debug|x86.Build.0 = Debug|Any CPU
		{5FCE9DF6-1B0C-40F3-BA40-FD1BF9E3F39D}.Release|Any CPU.ActiveCfg = Release|Any CPU
		{5FCE9DF6-1B0C-40F3-BA40-FD1BF9E3F39D}.Release|Any CPU.Build.0 = Release|Any CPU
		{5FCE9DF6-1B0C-40F3-BA40-FD1BF9E3F39D}.Release|x64.ActiveCfg = Release|Any CPU
		{5FCE9DF6-1B0C-40F3-BA40-FD1BF9E3F39D}.Release|x64.Build.0 = Release|Any CPU
		{5FCE9DF6-1B0C-40F3-BA40-FD1BF9E3F39D}.Release|x86.ActiveCfg = Release|Any CPU
		{5FCE9DF6-1B0C-40F3-BA40-FD1BF9E3F39D}.Release|x86.Build.0 = Release|Any CPU
	EndGlobalSection
	GlobalSection(SolutionProperties) = preSolution
		HideSolutionNode = FALSE
	EndGlobalSection
	GlobalSection(ExtensibilityGlobals) = postSolution
		SolutionGuid = {496E6073-AF37-47D9-9ADD-67C54862D929}
	EndGlobalSection
EndGlobal
